
Microsoft Visual Studio Solution File, Format Version 12.00
# Visual Studio Version 16
VisualStudioVersion = 16.0.31410.357
MinimumVisualStudioVersion = 10.0.40219.1
Project("{FAE04EC0-301F-11D3-BF4B-00C04F79EFBC}") = "Chess-console", "Chess-console\Chess-console.csproj", "{3DEC04D2-C3EA-4489-9A27-7EA2AFF199EC}"
EndProject
Global
	GlobalSection(SolutionConfigurationPlatforms) = preSolution
		Debug|Any CPU = Debug|Any CPU
		Release|Any CPU = Release|Any CPU
	EndGlobalSection
	GlobalSection(ProjectConfigurationPlatforms) = postSolution
		{3DEC04D2-C3EA-4489-9A27-7EA2AFF199EC}.Debug|Any CPU.ActiveCfg = Debug|Any CPU
		{3DEC04D2-C3EA-4489-9A27-7EA2AFF199EC}.Debug|Any CPU.Build.0 = Debug|Any CPU
		{3DEC04D2-C3EA-4489-9A27-7EA2AFF199EC}.Release|Any CPU.ActiveCfg = Release|Any CPU
		{3DEC04D2-C3EA-4489-9A27-7EA2AFF199EC}.Release|Any CPU.Build.0 = Release|Any CPU
	EndGlobalSection
	GlobalSection(SolutionProperties) = preSolution
		HideSolutionNode = FALSE
	EndGlobalSection
	GlobalSection(ExtensibilityGlobals) = postSolution
		SolutionGuid = {596D430E-96E2-4F2E-AF24-3A87A3838C8E}
	EndGlobalSection
EndGlobal
